
Microsoft Visual Studio Solution File, Format Version 12.00
# Visual Studio 15
VisualStudioVersion = 15.0.28307.902
MinimumVisualStudioVersion = 10.0.40219.1
Project("{8BC9CEB8-8B4A-11D0-8D11-00A0C91BC942}") = "fast_guided_kalman_filter", "fast_guided_kalman_filter\fast_guided_kalman_filter.vcxproj", "{26B133BE-91E4-43A5-AEA5-B3746FDD2A26}"
EndProject
Global
	GlobalSection(SolutionConfigurationPlatforms) = preSolution
		Debug|x64 = Debug|x64
		Debug|x86 = Debug|x86
		Release|x64 = Release|x64
		Release|x86 = Release|x86
	EndGlobalSection
	GlobalSection(ProjectConfigurationPlatforms) = postSolution
		{26B133BE-91E4-43A5-AEA5-B3746FDD2A26}.Debug|x64.ActiveCfg = Debug|x64
		{26B133BE-91E4-43A5-AEA5-B3746FDD2A26}.Debug|x64.Build.0 = Debug|x64
		{26B133BE-91E4-43A5-AEA5-B3746FDD2A26}.Debug|x86.ActiveCfg = Debug|Win32
		{26B133BE-91E4-43A5-AEA5-B3746FDD2A26}.Debug|x86.Build.0 = Debug|Win32
		{26B133BE-91E4-43A5-AEA5-B3746FDD2A26}.Release|x64.ActiveCfg = Release|x64
		{26B133BE-91E4-43A5-AEA5-B3746FDD2A26}.Release|x64.Build.0 = Release|x64
		{26B133BE-91E4-43A5-AEA5-B3746FDD2A26}.Release|x86.ActiveCfg = Release|Win32
		{26B133BE-91E4-43A5-AEA5-B3746FDD2A26}.Release|x86.Build.0 = Release|Win32
	EndGlobalSection
	GlobalSection(SolutionProperties) = preSolution
		HideSolutionNode = FALSE
	EndGlobalSection
	GlobalSection(ExtensibilityGlobals) = postSolution
		SolutionGuid = {5214A0AA-517B-485B-94C9-3191A11224E0}
	EndGlobalSection
EndGlobal
